
Microsoft Visual Studio Solution File, Format Version 12.00
# Visual Studio Version 16
VisualStudioVersion = 16.0.30804.86
MinimumVisualStudioVersion = 10.0.40219.1
Project("{9A19103F-16F7-4668-BE54-9A1E7A4F7556}") = "BR.MadenIlan.Auth", "BR.MadenIlan.Auth\BR.MadenIlan.Auth.csproj", "{96ED1F4A-D3F6-45CB-9EA5-35D1534B003C}"
EndProject
Project("{9A19103F-16F7-4668-BE54-9A1E7A4F7556}") = "BR.MadenIlan.Api", "BR.MadenIlan.Api\BR.MadenIlan.Api.csproj", "{199D1D77-2A80-4495-AA3B-4B9BA8468EAA}"
EndProject
Project("{9A19103F-16F7-4668-BE54-9A1E7A4F7556}") = "BR.MadenIlan.Photo.Api", "BR.MadenIlan.Photo.Api\BR.MadenIlan.Photo.Api.csproj", "{4F1EED87-BB14-4979-82FF-4701DA3A2FD5}"
EndProject
Project("{FAE04EC0-301F-11D3-BF4B-00C04F79EFBC}") = "BR.MadenIlan.Shared", "BR.MadenIlan.Shared\BR.MadenIlan.Shared.csproj", "{48475C5C-15E3-4473-9D32-05F267AE6150}"
EndProject
Global
	GlobalSection(SolutionConfigurationPlatforms) = preSolution
		Debug|Any CPU = Debug|Any CPU
		Release|Any CPU = Release|Any CPU
	EndGlobalSection
	GlobalSection(ProjectConfigurationPlatforms) = postSolution
		{96ED1F4A-D3F6-45CB-9EA5-35D1534B003C}.Debug|Any CPU.ActiveCfg = Debug|Any CPU
		{96ED1F4A-D3F6-45CB-9EA5-35D1534B003C}.Debug|Any CPU.Build.0 = Debug|Any CPU
		{96ED1F4A-D3F6-45CB-9EA5-35D1534B003C}.Release|Any CPU.ActiveCfg = Release|Any CPU
		{96ED1F4A-D3F6-45CB-9EA5-35D1534B003C}.Release|Any CPU.Build.0 = Release|Any CPU
		{199D1D77-2A80-4495-AA3B-4B9BA8468EAA}.Debug|Any CPU.ActiveCfg = Debug|Any CPU
		{199D1D77-2A80-4495-AA3B-4B9BA8468EAA}.Debug|Any CPU.Build.0 = Debug|Any CPU
		{199D1D77-2A80-4495-AA3B-4B9BA8468EAA}.Release|Any CPU.ActiveCfg = Release|Any CPU
		{199D1D77-2A80-4495-AA3B-4B9BA8468EAA}.Release|Any CPU.Build.0 = Release|Any CPU
		{4F1EED87-BB14-4979-82FF-4701DA3A2FD5}.Debug|Any CPU.ActiveCfg = Debug|Any CPU
		{4F1EED87-BB14-4979-82FF-4701DA3A2FD5}.Debug|Any CPU.Build.0 = Debug|Any CPU
		{4F1EED87-BB14-4979-82FF-4701DA3A2FD5}.Release|Any CPU.ActiveCfg = Release|Any CPU
		{4F1EED87-BB14-4979-82FF-4701DA3A2FD5}.Release|Any CPU.Build.0 = Release|Any CPU
		{48475C5C-15E3-4473-9D32-05F267AE6150}.Debug|Any CPU.ActiveCfg = Debug|Any CPU
		{48475C5C-15E3-4473-9D32-05F267AE6150}.Debug|Any CPU.Build.0 = Debug|Any CPU
		{48475C5C-15E3-4473-9D32-05F267AE6150}.Release|Any CPU.ActiveCfg = Release|Any CPU
		{48475C5C-15E3-4473-9D32-05F267AE6150}.Release|Any CPU.Build.0 = Release|Any CPU
	EndGlobalSection
	GlobalSection(SolutionProperties) = preSolution
		HideSolutionNode = FALSE
	EndGlobalSection
	GlobalSection(ExtensibilityGlobals) = postSolution
		SolutionGuid = {90125669-21F6-4222-B5B0-1789449E8DD6}
	EndGlobalSection
EndGlobal
