
Microsoft Visual Studio Solution File, Format Version 12.00
# Visual Studio Version 16
VisualStudioVersion = 16.0.30804.86
MinimumVisualStudioVersion = 10.0.40219.1
Project("{9A19103F-16F7-4668-BE54-9A1E7A4F7556}") = "BR.MadenIlan.Auth", "BR.MadenIlan.Auth\BR.MadenIlan.Auth.csproj", "{96ED1F4A-D3F6-45CB-9EA5-35D1534B003C}"
EndProject
Project("{9A19103F-16F7-4668-BE54-9A1E7A4F7556}") = "BR.MadenIlan.Api", "BR.MadenIlan.Api\BR.MadenIlan.Api.csproj", "{199D1D77-2A80-4495-AA3B-4B9BA8468EAA}"
EndProject
Project("{9A19103F-16F7-4668-BE54-9A1E7A4F7556}") = "BR.MadenIlan.Photo.Api", "BR.MadenIlan.Photo.Api\BR.MadenIlan.Photo.Api.csproj", "{4F1EED87-BB14-4979-82FF-4701DA3A2FD5}"
EndProject
Project("{9A19103F-16F7-4668-BE54-9A1E7A4F7556}") = "BR.MadenIlan.Shared", "BR.MadenIlan.Shared\BR.MadenIlan.Shared.csproj", "{48475C5C-15E3-4473-9D32-05F267AE6150}"
EndProject
Project("{2150E333-8FDC-42A3-9474-1A3956D46DE8}") = "APIs", "APIs", "{8D6DE5BD-E510-4618-86A9-BC42B64D7B5F}"
EndProject
Project("{2150E333-8FDC-42A3-9474-1A3956D46DE8}") = "Shared", "Shared", "{58D51154-42B8-48DF-A0BF-512BE8761F9A}"
EndProject
Project("{2150E333-8FDC-42A3-9474-1A3956D46DE8}") = "Client", "Client", "{7089F4C6-0665-4948-8F81-1EB468535AA8}"
EndProject
Project("{9A19103F-16F7-4668-BE54-9A1E7A4F7556}") = "BR.MadenIlan.Clients.BlazorServerApp", "BR.MadenIlan.Clients.BlazorServerApp\BR.MadenIlan.Clients.BlazorServerApp.csproj", "{E5BC5617-F67D-408B-A4F7-0DEB98E0FBFB}"
EndProject
Project("{9A19103F-16F7-4668-BE54-9A1E7A4F7556}") = "BR.MadenIlan.Clients.Shared", "BR.MadenIlan.Clients.Shared\BR.MadenIlan.Clients.Shared.csproj", "{2026D76D-1AFF-48D4-99CD-FA7A6B668233}"
EndProject
Project("{FAE04EC0-301F-11D3-BF4B-00C04F79EFBC}") = "BR.MadenIlan.Clients.MvcUi", "BR.MadenIlan.Clients.MvcUi\BR.MadenIlan.Clients.MvcUi.csproj", "{D5E1AB60-AAEA-492B-840B-818F501133EE}"
EndProject
Project("{2150E333-8FDC-42A3-9474-1A3956D46DE8}") = "Core", "Core", "{98246250-BC33-46AA-A308-5FD250D271A8}"
EndProject
Project("{FAE04EC0-301F-11D3-BF4B-00C04F79EFBC}") = "BR.MadenIlan.Core", "BR.MadenIlan.Core\BR.MadenIlan.Core.csproj", "{9663EFD9-555F-40BF-8CF1-DD8CF16C08DE}"
EndProject
Global
	GlobalSection(SolutionConfigurationPlatforms) = preSolution
		Debug|Any CPU = Debug|Any CPU
		Release|Any CPU = Release|Any CPU
	EndGlobalSection
	GlobalSection(ProjectConfigurationPlatforms) = postSolution
		{96ED1F4A-D3F6-45CB-9EA5-35D1534B003C}.Debug|Any CPU.ActiveCfg = Debug|Any CPU
		{96ED1F4A-D3F6-45CB-9EA5-35D1534B003C}.Debug|Any CPU.Build.0 = Debug|Any CPU
		{96ED1F4A-D3F6-45CB-9EA5-35D1534B003C}.Release|Any CPU.ActiveCfg = Release|Any CPU
		{96ED1F4A-D3F6-45CB-9EA5-35D1534B003C}.Release|Any CPU.Build.0 = Release|Any CPU
		{199D1D77-2A80-4495-AA3B-4B9BA8468EAA}.Debug|Any CPU.ActiveCfg = Debug|Any CPU
		{199D1D77-2A80-4495-AA3B-4B9BA8468EAA}.Debug|Any CPU.Build.0 = Debug|Any CPU
		{199D1D77-2A80-4495-AA3B-4B9BA8468EAA}.Release|Any CPU.ActiveCfg = Release|Any CPU
		{199D1D77-2A80-4495-AA3B-4B9BA8468EAA}.Release|Any CPU.Build.0 = Release|Any CPU
		{4F1EED87-BB14-4979-82FF-4701DA3A2FD5}.Debug|Any CPU.ActiveCfg = Debug|Any CPU
		{4F1EED87-BB14-4979-82FF-4701DA3A2FD5}.Debug|Any CPU.Build.0 = Debug|Any CPU
		{4F1EED87-BB14-4979-82FF-4701DA3A2FD5}.Release|Any CPU.ActiveCfg = Release|Any CPU
		{4F1EED87-BB14-4979-82FF-4701DA3A2FD5}.Release|Any CPU.Build.0 = Release|Any CPU
		{48475C5C-15E3-4473-9D32-05F267AE6150}.Debug|Any CPU.ActiveCfg = Debug|Any CPU
		{48475C5C-15E3-4473-9D32-05F267AE6150}.Debug|Any CPU.Build.0 = Debug|Any CPU
		{48475C5C-15E3-4473-9D32-05F267AE6150}.Release|Any CPU.ActiveCfg = Release|Any CPU
		{48475C5C-15E3-4473-9D32-05F267AE6150}.Release|Any CPU.Build.0 = Release|Any CPU
		{E5BC5617-F67D-408B-A4F7-0DEB98E0FBFB}.Debug|Any CPU.ActiveCfg = Debug|Any CPU
		{E5BC5617-F67D-408B-A4F7-0DEB98E0FBFB}.Debug|Any CPU.Build.0 = Debug|Any CPU
		{E5BC5617-F67D-408B-A4F7-0DEB98E0FBFB}.Release|Any CPU.ActiveCfg = Release|Any CPU
		{E5BC5617-F67D-408B-A4F7-0DEB98E0FBFB}.Release|Any CPU.Build.0 = Release|Any CPU
		{2026D76D-1AFF-48D4-99CD-FA7A6B668233}.Debug|Any CPU.ActiveCfg = Debug|Any CPU
		{2026D76D-1AFF-48D4-99CD-FA7A6B668233}.Debug|Any CPU.Build.0 = Debug|Any CPU
		{2026D76D-1AFF-48D4-99CD-FA7A6B668233}.Release|Any CPU.ActiveCfg = Release|Any CPU
		{2026D76D-1AFF-48D4-99CD-FA7A6B668233}.Release|Any CPU.Build.0 = Release|Any CPU
		{D5E1AB60-AAEA-492B-840B-818F501133EE}.Debug|Any CPU.ActiveCfg = Debug|Any CPU
		{D5E1AB60-AAEA-492B-840B-818F501133EE}.Debug|Any CPU.Build.0 = Debug|Any CPU
		{D5E1AB60-AAEA-492B-840B-818F501133EE}.Release|Any CPU.ActiveCfg = Release|Any CPU
		{D5E1AB60-AAEA-492B-840B-818F501133EE}.Release|Any CPU.Build.0 = Release|Any CPU
		{9663EFD9-555F-40BF-8CF1-DD8CF16C08DE}.Debug|Any CPU.ActiveCfg = Debug|Any CPU
		{9663EFD9-555F-40BF-8CF1-DD8CF16C08DE}.Debug|Any CPU.Build.0 = Debug|Any CPU
		{9663EFD9-555F-40BF-8CF1-DD8CF16C08DE}.Release|Any CPU.ActiveCfg = Release|Any CPU
		{9663EFD9-555F-40BF-8CF1-DD8CF16C08DE}.Release|Any CPU.Build.0 = Release|Any CPU
	EndGlobalSection
	GlobalSection(SolutionProperties) = preSolution
		HideSolutionNode = FALSE
	EndGlobalSection
	GlobalSection(NestedProjects) = preSolution
		{96ED1F4A-D3F6-45CB-9EA5-35D1534B003C} = {8D6DE5BD-E510-4618-86A9-BC42B64D7B5F}
		{199D1D77-2A80-4495-AA3B-4B9BA8468EAA} = {8D6DE5BD-E510-4618-86A9-BC42B64D7B5F}
		{4F1EED87-BB14-4979-82FF-4701DA3A2FD5} = {8D6DE5BD-E510-4618-86A9-BC42B64D7B5F}
		{48475C5C-15E3-4473-9D32-05F267AE6150} = {8D6DE5BD-E510-4618-86A9-BC42B64D7B5F}
		{E5BC5617-F67D-408B-A4F7-0DEB98E0FBFB} = {7089F4C6-0665-4948-8F81-1EB468535AA8}
		{2026D76D-1AFF-48D4-99CD-FA7A6B668233} = {58D51154-42B8-48DF-A0BF-512BE8761F9A}
		{D5E1AB60-AAEA-492B-840B-818F501133EE} = {7089F4C6-0665-4948-8F81-1EB468535AA8}
		{9663EFD9-555F-40BF-8CF1-DD8CF16C08DE} = {98246250-BC33-46AA-A308-5FD250D271A8}
	EndGlobalSection
	GlobalSection(ExtensibilityGlobals) = postSolution
		SolutionGuid = {90125669-21F6-4222-B5B0-1789449E8DD6}
	EndGlobalSection
EndGlobal
